{
  "name": "@uncut/viewport",
  "version": "1.0.1-1",
  "lockfileVersion": 1,
  "requires": true,
  "dependencies": {
    "binary-file-lib": {
      "version": "git+ssh://git@github.com/luckydye/binary-file-lib.git#950909e099f72b87cd61daa1ddb1713d0ed34bcb",
      "from": "git+ssh://git@github.com/luckydye/binary-file-lib.git"
    },
    "gl-matrix": {
      "version": "3.1.0",
      "resolved": "https://registry.npmjs.org/gl-matrix/-/gl-matrix-3.1.0.tgz",
      "integrity": "sha512-526NA+3EA+ztAQi0IZpSWiM0fyQXIp7IbRvfJ4wS/TjjQD0uv0fVybXwwqqSOlq33UckivI0yMDlVtboWm3k7A=="
    },
    "lit-html": {
      "version": "1.2.1",
      "resolved": "https://registry.npmjs.org/lit-html/-/lit-html-1.2.1.tgz",
      "integrity": "sha512-GSJHHXMGLZDzTRq59IUfL9FCdAlGfqNp/dEa7k7aBaaWD+JKaCjsAk9KYm2V12ItonVaYx2dprN66Zdm1AuBTQ=="
    }
  }
}
